
Microsoft Visual Studio Solution File, Format Version 12.00
# Visual Studio Version 17
VisualStudioVersion = 17.3.32819.101
MinimumVisualStudioVersion = 10.0.40219.1
Project("{FAE04EC0-301F-11D3-BF4B-00C04F79EFBC}") = "KoneksiPostgre", "KoneksiPostgre\KoneksiPostgre.csproj", "{3F4C8A65-6FD1-4387-A69B-B026044A7489}"
EndProject
Global
	GlobalSection(SolutionConfigurationPlatforms) = preSolution
		Debug|Any CPU = Debug|Any CPU
		Release|Any CPU = Release|Any CPU
	EndGlobalSection
	GlobalSection(ProjectConfigurationPlatforms) = postSolution
		{3F4C8A65-6FD1-4387-A69B-B026044A7489}.Debug|Any CPU.ActiveCfg = Debug|Any CPU
		{3F4C8A65-6FD1-4387-A69B-B026044A7489}.Debug|Any CPU.Build.0 = Debug|Any CPU
		{3F4C8A65-6FD1-4387-A69B-B026044A7489}.Release|Any CPU.ActiveCfg = Release|Any CPU
		{3F4C8A65-6FD1-4387-A69B-B026044A7489}.Release|Any CPU.Build.0 = Release|Any CPU
	EndGlobalSection
	GlobalSection(SolutionProperties) = preSolution
		HideSolutionNode = FALSE
	EndGlobalSection
	GlobalSection(ExtensibilityGlobals) = postSolution
		SolutionGuid = {89CE3A90-40B9-4C53-BE8F-7B54284BFADE}
	EndGlobalSection
EndGlobal
